PODS:
  - Capacitor (7.4.5):
    - CapacitorCordova
  - CapacitorApp (7.1.1):
    - Capacitor
  - CapacitorCamera (7.0.3):
    - Capacitor
  - CapacitorCordova (7.4.5)
  - CapacitorFilesystem (7.1.6):
    - Capacitor
    - IONFilesystemLib (~> 1.0.1)
  - CapacitorHaptics (7.0.3):
    - Capacitor
  - CapacitorKeyboard (7.0.4):
    - Capacitor
  - CapacitorPreferences (7.0.3):
    - Capacitor
  - CapacitorStatusBar (7.0.4):
    - Capacitor
  - IONFilesystemLib (1.0.1)

DEPENDENCIES:
  - "Capacitor (from `../../node_modules/@capacitor/ios`)"
  - "CapacitorApp (from `../../node_modules/@capacitor/app`)"
  - "CapacitorCamera (from `../../node_modules/@capacitor/camera`)"
  - "CapacitorCordova (from `../../node_modules/@capacitor/ios`)"
  - "CapacitorFilesystem (from `../../node_modules/@capacitor/filesystem`)"
  - "CapacitorHaptics (from `../../node_modules/@capacitor/haptics`)"
  - "CapacitorKeyboard (from `../../node_modules/@capacitor/keyboard`)"
  - "CapacitorPreferences (from `../../node_modules/@capacitor/preferences`)"
  - "CapacitorStatusBar (from `../../node_modules/@capacitor/status-bar`)"

SPEC REPOS:
  trunk:
    - IONFilesystemLib

EXTERNAL SOURCES:
  Capacitor:
    :path: "../../node_modules/@capacitor/ios"
  CapacitorApp:
    :path: "../../node_modules/@capacitor/app"
  CapacitorCamera:
    :path: "../../node_modules/@capacitor/camera"
  CapacitorCordova:
    :path: "../../node_modules/@capacitor/ios"
  CapacitorFilesystem:
    :path: "../../node_modules/@capacitor/filesystem"
  CapacitorHaptics:
    :path: "../../node_modules/@capacitor/haptics"
  CapacitorKeyboard:
    :path: "../../node_modules/@capacitor/keyboard"
  CapacitorPreferences:
    :path: "../../node_modules/@capacitor/preferences"
  CapacitorStatusBar:
    :path: "../../node_modules/@capacitor/status-bar"

SPEC CHECKSUMS:
  Capacitor: a5bf59e09f9dd82694fdcca4d107b4d215ac470f
  CapacitorApp: 3ddbd30ac18c321531c3da5e707b60873d89dd60
  CapacitorCamera: 6ef67fd287de230ebd8cda05f2a7ffd44a48e568
  CapacitorCordova: 31bbe4466000c6b86d9b7f1181ee286cff0205aa
  CapacitorFilesystem: 2267b9183bfecb9e5b8163b79685c9efb5ed0a09
  CapacitorHaptics: d17da7dd984cae34111b3f097ccd3e21f9feec62
  CapacitorKeyboard: 45cae3956a6f4fb1753f9a4df3e884aeaed8fe82
  CapacitorPreferences: 688a15748e6fb91d52c7563e5f2df3be503dd694
  CapacitorStatusBar: 4bf126c3c01dbaca8a4e416a29c4899cf91d0626
  IONFilesystemLib: 89258b8e3e85465da93127d25d7ce37f977e8a6f

PODFILE CHECKSUM: bfc80ff7fd6c2ab1707d95794a58c07d81e03bec

COCOAPODS: 1.16.2
