PODS:
  - Capacitor (8.0.1):
    - CapacitorCordova
  - CapacitorApp (8.0.0):
    - Capacitor
  - CapacitorCamera (8.0.0):
    - Capacitor
  - CapacitorCordova (8.0.1)
  - CapacitorFilesystem (8.0.0):
    - Capacitor
    - IONFilesystemLib (~> 1.0.1)
  - CapacitorHaptics (8.0.0):
    - Capacitor
  - CapacitorKeyboard (8.0.0):
    - Capacitor
  - CapacitorPreferences (8.0.0):
    - Capacitor
  - CapacitorStatusBar (8.0.0):
    - Capacitor
  - IONFilesystemLib (1.0.1)

DEPENDENCIES:
  - "Capacitor (from `../../node_modules/@capacitor/ios`)"
  - "CapacitorApp (from `../../node_modules/@capacitor/app`)"
  - "CapacitorCamera (from `../../node_modules/@capacitor/camera`)"
  - "CapacitorCordova (from `../../node_modules/@capacitor/ios`)"
  - "CapacitorFilesystem (from `../../node_modules/@capacitor/filesystem`)"
  - "CapacitorHaptics (from `../../node_modules/@capacitor/haptics`)"
  - "CapacitorKeyboard (from `../../node_modules/@capacitor/keyboard`)"
  - "CapacitorPreferences (from `../../node_modules/@capacitor/preferences`)"
  - "CapacitorStatusBar (from `../../node_modules/@capacitor/status-bar`)"

SPEC REPOS:
  trunk:
    - IONFilesystemLib

EXTERNAL SOURCES:
  Capacitor:
    :path: "../../node_modules/@capacitor/ios"
  CapacitorApp:
    :path: "../../node_modules/@capacitor/app"
  CapacitorCamera:
    :path: "../../node_modules/@capacitor/camera"
  CapacitorCordova:
    :path: "../../node_modules/@capacitor/ios"
  CapacitorFilesystem:
    :path: "../../node_modules/@capacitor/filesystem"
  CapacitorHaptics:
    :path: "../../node_modules/@capacitor/haptics"
  CapacitorKeyboard:
    :path: "../../node_modules/@capacitor/keyboard"
  CapacitorPreferences:
    :path: "../../node_modules/@capacitor/preferences"
  CapacitorStatusBar:
    :path: "../../node_modules/@capacitor/status-bar"

SPEC CHECKSUMS:
  Capacitor: 2d8b1a05870ddb600b0e1e32b83fcf0890c244e1
  CapacitorApp: cfa0120a1f3a6f69d4d37d3041782aa5c5167d0b
  CapacitorCamera: 05ac5bd4499ed4b8cf5358d1b4a874b385de7b4d
  CapacitorCordova: 0d65b9bb74e995dcecb9463f34f1af2aba6f955c
  CapacitorFilesystem: 608bca984a5b6b2cba85a2972ea22974a37659d8
  CapacitorHaptics: 7a77ce744c4b516b3ffd7f8c96d3de574d77b898
  CapacitorKeyboard: 0a2e7c0635ccf3db60abed14bd6f35147ce25942
  CapacitorPreferences: 83f13cc19660ca9649a4769ec255be93f8c2ff68
  CapacitorStatusBar: c6fa2d404083e41d145ea56698707a6986d4428b
  IONFilesystemLib: 89258b8e3e85465da93127d25d7ce37f977e8a6f

PODFILE CHECKSUM: cfe2491213c61475eea033fbc0cf239e8f08663e

COCOAPODS: 1.16.2
